
Microsoft Visual Studio Solution File, Format Version 12.00
# Visual Studio Version 16
VisualStudioVersion = 16.0.31112.23
MinimumVisualStudioVersion = 10.0.40219.1
Project("{8BC9CEB8-8B4A-11D0-8D11-00A0C91BC942}") = "Lab2", "Lab2.vcxproj", "{4859CB6E-B10D-4F2C-9C25-12249028C3FB}"
EndProject
Project("{8BC9CEB8-8B4A-11D0-8D11-00A0C91BC942}") = "StaticLib1", "..\StaticLib1\StaticLib1.vcxproj", "{E686A606-0033-40D7-8343-7F620AE8CC64}"
EndProject
Global
	GlobalSection(SolutionConfigurationPlatforms) = preSolution
		Debug|x64 = Debug|x64
		Debug|x86 = Debug|x86
		Release|x64 = Release|x64
		Release|x86 = Release|x86
	EndGlobalSection
	GlobalSection(ProjectConfigurationPlatforms) = postSolution
		{4859CB6E-B10D-4F2C-9C25-12249028C3FB}.Debug|x64.ActiveCfg = Debug|x64
		{4859CB6E-B10D-4F2C-9C25-12249028C3FB}.Debug|x64.Build.0 = Debug|x64
		{4859CB6E-B10D-4F2C-9C25-12249028C3FB}.Debug|x86.ActiveCfg = Debug|Win32
		{4859CB6E-B10D-4F2C-9C25-12249028C3FB}.Debug|x86.Build.0 = Debug|Win32
		{4859CB6E-B10D-4F2C-9C25-12249028C3FB}.Release|x64.ActiveCfg = Release|x64
		{4859CB6E-B10D-4F2C-9C25-12249028C3FB}.Release|x64.Build.0 = Release|x64
		{4859CB6E-B10D-4F2C-9C25-12249028C3FB}.Release|x86.ActiveCfg = Release|Win32
		{4859CB6E-B10D-4F2C-9C25-12249028C3FB}.Release|x86.Build.0 = Release|Win32
		{E686A606-0033-40D7-8343-7F620AE8CC64}.Debug|x64.ActiveCfg = Debug|x64
		{E686A606-0033-40D7-8343-7F620AE8CC64}.Debug|x64.Build.0 = Debug|x64
		{E686A606-0033-40D7-8343-7F620AE8CC64}.Debug|x86.ActiveCfg = Debug|Win32
		{E686A606-0033-40D7-8343-7F620AE8CC64}.Debug|x86.Build.0 = Debug|Win32
		{E686A606-0033-40D7-8343-7F620AE8CC64}.Release|x64.ActiveCfg = Release|x64
		{E686A606-0033-40D7-8343-7F620AE8CC64}.Release|x64.Build.0 = Release|x64
		{E686A606-0033-40D7-8343-7F620AE8CC64}.Release|x86.ActiveCfg = Release|Win32
		{E686A606-0033-40D7-8343-7F620AE8CC64}.Release|x86.Build.0 = Release|Win32
	EndGlobalSection
	GlobalSection(SolutionProperties) = preSolution
		HideSolutionNode = FALSE
	EndGlobalSection
	GlobalSection(ExtensibilityGlobals) = postSolution
		SolutionGuid = {4FE9E77A-CEF3-4E03-AFDC-3DF92CB1C578}
	EndGlobalSection
EndGlobal
